<?xml version="1.0" encoding="UTF-8"?>
<Scheme
   LastUpgradeVersion = "1420"
   version = "1.3">
   <BuildAction
      parallelizeBuildables = "YES"
      buildImplicitDependencies = "YES">
      <BuildActionEntries>
         <BuildActionEntry
            buildForTesting = "YES"
            buildForRunning = "YES"
            buildForProfiling = "YES"
            buildForArchiving = "YES"
            buildForAnalyzing = "YES">
            <BuildableReference
               BuildableIdentifier = "primary"
               BlueprintIdentifier = "7E766A7429A6A53400E00D02"
               BuildableName = "Python"
               BlueprintName = "Python"
               ReferencedContainer = "container:Python.xcodeproj">
            </BuildableReference>
         </BuildActionEntry>
      </BuildActionEntries>
   </BuildAction>
   <TestAction
      buildConfiguration = "Debug"
      selectedDebuggerIdentifier = "Xcode.DebuggerFoundation.Debugger.LLDB"
      selectedLauncherIdentifier = "Xcode.DebuggerFoundation.Launcher.LLDB"
      shouldUseLaunchSchemeArgsEnv = "YES">
      <Testables>
      </Testables>
   </TestAction>
   <LaunchAction
      buildConfiguration = "Debug"
      selectedDebuggerIdentifier = ""
      selectedLauncherIdentifier = "Xcode.IDEFoundation.Launcher.PosixSpawn"
      launchStyle = "0"
      useCustomWorkingDirectory = "NO"
      customWorkingDirectory = "/Users/leonardodavidariasruiz/Library/Mobile Documents/com~apple~CloudDocs/Platzi/Curso de Fundamentos de Python/Python"
      ignoresPersistentStateOnLaunch = "NO"
      debugDocumentVersioning = "YES"
      debugServiceExtension = "internal"
      allowLocationSimulation = "YES"
      viewDebuggingEnabled = "No">
      <PathRunnable
         runnableDebuggingMode = "0"
         FilePath = "/Users/leonardodavidariasruiz/Library/Mobile Documents/com~apple~CloudDocs/Platzi/Curso de Fundamentos de Python/Python/pythonw">
      </PathRunnable>
      <CommandLineArguments>
         <CommandLineArgument
            argument = "main.py"
            isEnabled = "NO">
         </CommandLineArgument>
         <CommandLineArgument
            argument = "Logics.py"
            isEnabled = "NO">
         </CommandLineArgument>
         <CommandLineArgument
            argument = "If.py"
            isEnabled = "NO">
         </CommandLineArgument>
         <CommandLineArgument
            argument = "Floats.py"
            isEnabled = "NO">
         </CommandLineArgument>
         <CommandLineArgument
            argument = "Transformation.py"
            isEnabled = "NO">
         </CommandLineArgument>
         <CommandLineArgument
            argument = "Operators.py"
            isEnabled = "NO">
         </CommandLineArgument>
         <CommandLineArgument
            argument = "Comparison.py"
            isEnabled = "NO">
         </CommandLineArgument>
         <CommandLineArgument
            argument = "Booleans.py"
            isEnabled = "NO">
         </CommandLineArgument>
         <CommandLineArgument
            argument = "Numbers.py"
            isEnabled = "NO">
         </CommandLineArgument>
         <CommandLineArgument
            argument = "Strings.py"
            isEnabled = "NO">
         </CommandLineArgument>
         <CommandLineArgument
            argument = "List.py"
            isEnabled = "YES">
         </CommandLineArgument>
         <CommandLineArgument
            argument = "Variables.py"
            isEnabled = "NO">
         </CommandLineArgument>
      </CommandLineArguments>
   </LaunchAction>
   <ProfileAction
      buildConfiguration = "Release"
      shouldUseLaunchSchemeArgsEnv = "YES"
      savedToolIdentifier = ""
      useCustomWorkingDirectory = "NO"
      debugDocumentVersioning = "YES">
      <MacroExpansion>
         <BuildableReference
            BuildableIdentifier = "primary"
            BlueprintIdentifier = "7E766A7429A6A53400E00D02"
            BuildableName = "Python"
            BlueprintName = "Python"
            ReferencedContainer = "container:Python.xcodeproj">
         </BuildableReference>
      </MacroExpansion>
   </ProfileAction>
   <AnalyzeAction
      buildConfiguration = "Debug">
   </AnalyzeAction>
   <ArchiveAction
      buildConfiguration = "Release"
      revealArchiveInOrganizer = "YES">
   </ArchiveAction>
</Scheme>
